
Microsoft Visual Studio Solution File, Format Version 12.00
Project("{FAE04EC0-301F-11D3-BF4B-00C04F79EFBC}") = "BirthdayDaysLeft", "BirthdayDaysLeft\BirthdayDaysLeft.csproj", "{56C6B55A-2442-441B-A045-227ED7FA6B34}"
EndProject
Global
	GlobalSection(SolutionConfigurationPlatforms) = preSolution
		Debug|Any CPU = Debug|Any CPU
		Release|Any CPU = Release|Any CPU
	EndGlobalSection
	GlobalSection(ProjectConfigurationPlatforms) = postSolution
		{56C6B55A-2442-441B-A045-227ED7FA6B34}.Debug|Any CPU.ActiveCfg = Debug|Any CPU
		{56C6B55A-2442-441B-A045-227ED7FA6B34}.Debug|Any CPU.Build.0 = Debug|Any CPU
		{56C6B55A-2442-441B-A045-227ED7FA6B34}.Release|Any CPU.ActiveCfg = Release|Any CPU
		{56C6B55A-2442-441B-A045-227ED7FA6B34}.Release|Any CPU.Build.0 = Release|Any CPU
	EndGlobalSection
EndGlobal
